
Microsoft Visual Studio Solution File, Format Version 12.00
# Visual Studio Version 17
VisualStudioVersion = 17.0.31903.59
MinimumVisualStudioVersion = 10.0.40219.1
Project("{2150E333-8FDC-42A3-9474-1A3956D46DE8}") = "src", "src", "{C4D06C5E-4E9E-4B77-A4AD-0855909DF735}"
EndProject
Project("{9A19103F-16F7-4668-BE54-9A1E7A4F7556}") = "Protender", "src\Protender\Protender.csproj", "{17A53D62-35B8-4433-B959-2838B2531CC2}"
EndProject
Project("{9A19103F-16F7-4668-BE54-9A1E7A4F7556}") = "NatsProtoSimulatorProtos", "src\NatsProtoSimulatorProtos\NatsProtoSimulatorProtos.csproj", "{BACB0310-47ED-47A3-A005-F1297E3A0C8D}"
EndProject
Project("{FAE04EC0-301F-11D3-BF4B-00C04F79EFBC}") = "Protender.Tests", "src\Protender.Tests\Protender.Tests.csproj", "{F064CCAA-93EE-42C8-A407-A0E4F483D1CC}"
EndProject
Global
	GlobalSection(SolutionConfigurationPlatforms) = preSolution
		Debug|Any CPU = Debug|Any CPU
		Release|Any CPU = Release|Any CPU
	EndGlobalSection
	GlobalSection(ProjectConfigurationPlatforms) = postSolution
		{17A53D62-35B8-4433-B959-2838B2531CC2}.Debug|Any CPU.ActiveCfg = Debug|Any CPU
		{17A53D62-35B8-4433-B959-2838B2531CC2}.Debug|Any CPU.Build.0 = Debug|Any CPU
		{17A53D62-35B8-4433-B959-2838B2531CC2}.Release|Any CPU.ActiveCfg = Release|Any CPU
		{17A53D62-35B8-4433-B959-2838B2531CC2}.Release|Any CPU.Build.0 = Release|Any CPU
		{BACB0310-47ED-47A3-A005-F1297E3A0C8D}.Debug|Any CPU.ActiveCfg = Debug|Any CPU
		{BACB0310-47ED-47A3-A005-F1297E3A0C8D}.Debug|Any CPU.Build.0 = Debug|Any CPU
		{BACB0310-47ED-47A3-A005-F1297E3A0C8D}.Release|Any CPU.ActiveCfg = Release|Any CPU
		{BACB0310-47ED-47A3-A005-F1297E3A0C8D}.Release|Any CPU.Build.0 = Release|Any CPU
		{F064CCAA-93EE-42C8-A407-A0E4F483D1CC}.Debug|Any CPU.ActiveCfg = Debug|Any CPU
		{F064CCAA-93EE-42C8-A407-A0E4F483D1CC}.Debug|Any CPU.Build.0 = Debug|Any CPU
		{F064CCAA-93EE-42C8-A407-A0E4F483D1CC}.Release|Any CPU.ActiveCfg = Release|Any CPU
		{F064CCAA-93EE-42C8-A407-A0E4F483D1CC}.Release|Any CPU.Build.0 = Release|Any CPU
	EndGlobalSection
	GlobalSection(SolutionProperties) = preSolution
		HideSolutionNode = FALSE
	EndGlobalSection
	GlobalSection(NestedProjects) = preSolution
		{17A53D62-35B8-4433-B959-2838B2531CC2} = {C4D06C5E-4E9E-4B77-A4AD-0855909DF735}
		{BACB0310-47ED-47A3-A005-F1297E3A0C8D} = {C4D06C5E-4E9E-4B77-A4AD-0855909DF735}
	EndGlobalSection
	GlobalSection(ExtensibilityGlobals) = postSolution
		SolutionGuid = {C0A65643-3554-4750-A5CF-0DD0DFD3AC2D}
	EndGlobalSection
EndGlobal
